
Microsoft Visual Studio Solution File, Format Version 12.00
# Visual Studio Version 17
VisualStudioVersion = 17.0.32014.148
MinimumVisualStudioVersion = 10.0.40219.1
Project("{FAE04EC0-301F-11D3-BF4B-00C04F79EFBC}") = "ShopManagement", "ShopManagement\ShopManagement.csproj", "{83721F3E-87EC-4359-AF36-922B7C24EC9F}"
EndProject
Global
	GlobalSection(SolutionConfigurationPlatforms) = preSolution
		Debug|Any CPU = Debug|Any CPU
		Release|Any CPU = Release|Any CPU
	EndGlobalSection
	GlobalSection(ProjectConfigurationPlatforms) = postSolution
		{83721F3E-87EC-4359-AF36-922B7C24EC9F}.Debug|Any CPU.ActiveCfg = Debug|Any CPU
		{83721F3E-87EC-4359-AF36-922B7C24EC9F}.Debug|Any CPU.Build.0 = Debug|Any CPU
		{83721F3E-87EC-4359-AF36-922B7C24EC9F}.Release|Any CPU.ActiveCfg = Release|Any CPU
		{83721F3E-87EC-4359-AF36-922B7C24EC9F}.Release|Any CPU.Build.0 = Release|Any CPU
	EndGlobalSection
	GlobalSection(SolutionProperties) = preSolution
		HideSolutionNode = FALSE
	EndGlobalSection
	GlobalSection(ExtensibilityGlobals) = postSolution
		SolutionGuid = {2A9E9E36-FA13-46ED-8C91-88E3AEEBBF45}
	EndGlobalSection
EndGlobal
